// !$*UTF8*$!
{
	archiveVersion = 1;
	classes = {
	};
	objectVersion = 48;
	objects = {

/* Begin PBXBuildFile section */
		0010C74F22483C5B0047DBCB /* AppDelegate.swift in Sources */ = {isa = PBXBuildFile; fileRef = 0010C74E22483C5B0047DBCB /* AppDelegate.swift */; };
		0010C75422483C5B0047DBCB /* Main.storyboard in Resources */ = {isa = PBXBuildFile; fileRef = 0010C75222483C5B0047DBCB /* Main.storyboard */; };
		0010C75622483C5B0047DBCB /* Assets.xcassets in Resources */ = {isa = PBXBuildFile; fileRef = 0010C75522483C5B0047DBCB /* Assets.xcassets */; };
		0010C75922483C5B0047DBCB /* LaunchScreen.storyboard in Resources */ = {isa = PBXBuildFile; fileRef = 0010C75722483C5B0047DBCB /* LaunchScreen.storyboard */; };
		0010C761224840F00047DBCB /* ScreenOneViewController.swift in Sources */ = {isa = PBXBuildFile; fileRef = 0010C760224840F00047DBCB /* ScreenOneViewController.swift */; };
		0010C7632248494C0047DBCB /* ScreenTwoViewController.swift in Sources */ = {isa = PBXBuildFile; fileRef = 0010C7622248494C0047DBCB /* ScreenTwoViewController.swift */; };
/* End PBXBuildFile section */

/* Begin PBXFileReference section */
		0010C74B22483C5B0047DBCB /* HW3-EdWoulfe.app */ = {isa = PBXFileReference; explicitFileType = wrapper.application; includeInIndex = 0; path = "HW3-EdWoulfe.app"; sourceTree = BUILT_PRODUCTS_DIR; };
		0010C74E22483C5B0047DBCB /* AppDelegate.swift */ = {isa = PBXFileReference; lastKnownFileType = sourcecode.swift; path = AppDelegate.swift; sourceTree = "<group>"; };
		0010C75322483C5B0047DBCB /* Base */ = {isa = PBXFileReference; lastKnownFileType = file.storyboard; name = Base; path = Base.lproj/Main.storyboard; sourceTree = "<group>"; };
		0010C75522483C5B0047DBCB /* Assets.xcassets */ = {isa = PBXFileReference; lastKnownFileType = folder.assetcatalog; path = Assets.xcassets; sourceTree = "<group>"; };
		0010C75822483C5B0047DBCB /* Base */ = {isa = PBXFileReference; lastKnownFileType = file.storyboard; name = Base; path = Base.lproj/LaunchScreen.storyboard; sourceTree = "<group>"; };
		0010C75A22483C5B0047DBCB /* Info.plist */ = {isa = PBXFileReference; lastKnownFileType = text.plist.xml; path = Info.plist; sourceTree = "<group>"; };
		0010C760224840F00047DBCB /* ScreenOneViewController.swift */ = {isa = PBXFileReference; lastKnownFileType = sourcecode.swift; path = ScreenOneViewController.swift; sourceTree = "<group>"; };
		0010C7622248494C0047DBCB /* ScreenTwoViewController.swift */ = {isa = PBXFileReference; lastKnownFileType = sourcecode.swift; path = ScreenTwoViewController.swift; sourceTree = "<group>"; };
/* End PBXFileReference section */

/* Begin PBXFrameworksBuildPhase section */
		0010C74822483C5B0047DBCB /* Frameworks */ = {
			isa = PBXFrameworksBuildPhase;
			buildActionMask = 2147483647;
			files = (
			);
			runOnlyForDeploymentPostprocessing = 0;
		};
/* End PBXFrameworksBuildPhase section */

/* Begin PBXGroup section */
		0010C74222483C5A0047DBCB = {
			isa = PBXGroup;
			children = (
				0010C74D22483C5B0047DBCB /* HW3-EdWoulfe */,
				0010C74C22483C5B0047DBCB /* Products */,
			);
			sourceTree = "<group>";
		};
		0010C74C22483C5B0047DBCB /* Products */ = {
			isa = PBXGroup;
			children = (
				0010C74B22483C5B0047DBCB /* HW3-EdWoulfe.app */,
			);
			name = Products;
			sourceTree = "<group>";
		};
		0010C74D22483C5B0047DBCB /* HW3-EdWoulfe */ = {
			isa = PBXGroup;
			children = (
				0010C74E22483C5B0047DBCB /* AppDelegate.swift */,
				0010C760224840F00047DBCB /* ScreenOneViewController.swift */,
				0010C75222483C5B0047DBCB /* Main.storyboard */,
				0010C7622248494C0047DBCB /* ScreenTwoViewController.swift */,
				0010C75522483C5B0047DBCB /* Assets.xcassets */,
				0010C75722483C5B0047DBCB /* LaunchScreen.storyboard */,
				0010C75A22483C5B0047DBCB /* Info.plist */,
			);
			path = "HW3-EdWoulfe";
			sourceTree = "<group>";
		};
/* End PBXGroup section */

/* Begin PBXNativeTarget section */
		0010C74A22483C5B0047DBCB /* HW3-EdWoulfe */ = {
			isa = PBXNativeTarget;
			buildConfigurationList = 0010C75D22483C5B0047DBCB /* Build configuration list for PBXNativeTarget "HW3-EdWoulfe" */;
			buildPhases = (
				0010C74722483C5B0047DBCB /* Sources */,
				0010C74822483C5B0047DBCB /* Frameworks */,
				0010C74922483C5B0047DBCB /* Resources */,
			);
			buildRules = (
			);
			dependencies = (
			);
			name = "HW3-EdWoulfe";
			productName = "HW3-EdWoulfe";
			productReference = 0010C74B22483C5B0047DBCB /* HW3-EdWoulfe.app */;
			productType = "com.apple.product-type.application";
		};
/* End PBXNativeTarget section */

/* Begin PBXProject section */
		0010C74322483C5A0047DBCB /* Project object */ = {
			isa = PBXProject;
			attributes = {
				LastSwiftUpdateCheck = 0920;
				LastUpgradeCheck = 0920;
				ORGANIZATIONNAME = "Woulfe, Edmond   (woulf002)";
				TargetAttributes = {
					0010C74A22483C5B0047DBCB = {
						CreatedOnToolsVersion = 9.2;
						ProvisioningStyle = Automatic;
					};
				};
			};
			buildConfigurationList = 0010C74622483C5A0047DBCB /* Build configuration list for PBXProject "HW3-EdWoulfe" */;
			compatibilityVersion = "Xcode 8.0";
			developmentRegion = en;
			hasScannedForEncodings = 0;
			knownRegions = (
				en,
				Base,
			);
			mainGroup = 0010C74222483C5A0047DBCB;
			productRefGroup = 0010C74C22483C5B0047DBCB /* Products */;
			projectDirPath = "";
			projectRoot = "";
			targets = (
				0010C74A22483C5B0047DBCB /* HW3-EdWoulfe */,
			);
		};
/* End PBXProject section */

/* Begin PBXResourcesBuildPhase section */
		0010C74922483C5B0047DBCB /* Resources */ = {
			isa = PBXResourcesBuildPhase;
			buildActionMask = 2147483647;
			files = (
				0010C75922483C5B0047DBCB /* LaunchScreen.storyboard in Resources */,
				0010C75622483C5B0047DBCB /* Assets.xcassets in Resources */,
				0010C75422483C5B0047DBCB /* Main.storyboard in Resources */,
			);
			runOnlyForDeploymentPostprocessing = 0;
		};
/* End PBXResourcesBuildPhase section */

/* Begin PBXSourcesBuildPhase section */
		0010C74722483C5B0047DBCB /* Sources */ = {
			isa = PBXSourcesBuildPhase;
			buildActionMask = 2147483647;
			files = (
				0010C7632248494C0047DBCB /* ScreenTwoViewController.swift in Sources */,
				0010C74F22483C5B0047DBCB /* AppDelegate.swift in Sources */,
				0010C761224840F00047DBCB /* ScreenOneViewController.swift in Sources */,
			);
			runOnlyForDeploymentPostprocessing = 0;
		};
/* End PBXSourcesBuildPhase section */

/* Begin PBXVariantGroup section */
		0010C75222483C5B0047DBCB /* Main.storyboard */ = {
			isa = PBXVariantGroup;
			children = (
				0010C75322483C5B0047DBCB /* Base */,
			);
			name = Main.storyboard;
			sourceTree = "<group>";
		};
		0010C75722483C5B0047DBCB /* LaunchScreen.storyboard */ = {
			isa = PBXVariantGroup;
			children = (
				0010C75822483C5B0047DBCB /* Base */,
			);
			name = LaunchScreen.storyboard;
			sourceTree = "<group>";
		};
/* End PBXVariantGroup section */

/* Begin XCBuildConfiguration section */
		0010C75B22483C5B0047DBCB /* Debug */ = {
			isa = XCBuildConfiguration;
			buildSettings = {
				ALWAYS_SEARCH_USER_PATHS = NO;
				CLANG_ANALYZER_NONNULL = YES;
				CLANG_ANALYZER_NUMBER_OBJECT_CONVERSION = YES_AGGRESSIVE;
				CLANG_CXX_LANGUAGE_STANDARD = "gnu++14";
				CLANG_CXX_LIBRARY = "libc++";
				CLANG_ENABLE_MODULES = YES;
				CLANG_ENABLE_OBJC_ARC = YES;
				CLANG_WARN_BLOCK_CAPTURE_AUTORELEASING = YES;
				CLANG_WARN_BOOL_CONVERSION = YES;
				CLANG_WARN_COMMA = YES;
				CLANG_WARN_CONSTANT_CONVERSION = YES;
				CLANG_WARN_DIRECT_OBJC_ISA_USAGE = YES_ERROR;
				CLANG_WARN_DOCUMENTATION_COMMENTS = YES;
				CLANG_WARN_EMPTY_BODY = YES;
				CLANG_WARN_ENUM_CONVERSION = YES;
				CLANG_WARN_INFINITE_RECURSION = YES;
				CLANG_WARN_INT_CONVERSION = YES;
				CLANG_WARN_NON_LITERAL_NULL_CONVERSION = YES;
				CLANG_WARN_OBJC_LITERAL_CONVERSION = YES;
				CLANG_WARN_OBJC_ROOT_CLASS = YES_ERROR;
				CLANG_WARN_RANGE_LOOP_ANALYSIS = YES;
				CLANG_WARN_STRICT_PROTOTYPES = YES;
				CLANG_WARN_SUSPICIOUS_MOVE = YES;
				CLANG_WARN_UNGUARDED_AVAILABILITY = YES_AGGRESSIVE;
				CLANG_WARN_UNREACHABLE_CODE = YES;
				CLANG_WARN__DUPLICATE_METHOD_MATCH = YES;
				CODE_SIGN_IDENTITY = "iPhone Developer";
				COPY_PHASE_STRIP = NO;
				DEBUG_INFORMATION_FORMAT = dwarf;
				ENABLE_STRICT_OBJC_MSGSEND = YES;
				ENABLE_TESTABILITY = YES;
				GCC_C_LANGUAGE_STANDARD = gnu11;
				GCC_DYNAMIC_NO_PIC = NO;
				GCC_NO_COMMON_BLOCKS = YES;
				GCC_OPTIMIZATION_LEVEL = 0;
				GCC_PREPROCESSOR_DEFINITIONS = (
					"DEBUG=1",
					"$(inherited)",
				);
				GCC_WARN_64_TO_32_BIT_CONVERSION = YES;
				GCC_WARN_ABOUT_RETURN_TYPE = YES_ERROR;
				GCC_WARN_UNDECLARED_SELECTOR = YES;
				GCC_WARN_UNINITIALIZED_AUTOS = YES_AGGRESSIVE;
				GCC_WARN_UNUSED_FUNCTION = YES;
				GCC_WARN_UNUSED_VARIABLE = YES;
				IPHONEOS_DEPLOYMENT_TARGET = 11.2;
				MTL_ENABLE_DEBUG_INFO = YES;
				ONLY_ACTIVE_ARCH = YES;
				SDKROOT = iphoneos;
				SWIFT_ACTIVE_COMPILATION_CONDITIONS = DEBUG;
				SWIFT_OPTIMIZATION_LEVEL = "-Onone";
			};
			name = Debug;
		};
		0010C75C22483C5B0047DBCB /* Release */ = {
			isa = XCBuildConfiguration;
			buildSettings = {
				ALWAYS_SEARCH_USER_PATHS = NO;
				CLANG_ANALYZER_NONNULL = YES;
				CLANG_ANALYZER_NUMBER_OBJECT_CONVERSION = YES_AGGRESSIVE;
				CLANG_CXX_LANGUAGE_STANDARD = "gnu++14";
				CLANG_CXX_LIBRARY = "libc++";
				CLANG_ENABLE_MODULES = YES;
				CLANG_ENABLE_OBJC_ARC = YES;
				CLANG_WARN_BLOCK_CAPTURE_AUTORELEASING = YES;
				CLANG_WARN_BOOL_CONVERSION = YES;
				CLANG_WARN_COMMA = YES;
				CLANG_WARN_CONSTANT_CONVERSION = YES;
				CLANG_WARN_DIRECT_OBJC_ISA_USAGE = YES_ERROR;
				CLANG_WARN_DOCUMENTATION_COMMENTS = YES;
				CLANG_WARN_EMPTY_BODY = YES;
				CLANG_WARN_ENUM_CONVERSION = YES;
				CLANG_WARN_INFINITE_RECURSION = YES;
				CLANG_WARN_INT_CONVERSION = YES;
				CLANG_WARN_NON_LITERAL_NULL_CONVERSION = YES;
				CLANG_WARN_OBJC_LITERAL_CONVERSION = YES;
				CLANG_WARN_OBJC_ROOT_CLASS = YES_ERROR;
				CLANG_WARN_RANGE_LOOP_ANALYSIS = YES;
				CLANG_WARN_STRICT_PROTOTYPES = YES;
				CLANG_WARN_SUSPICIOUS_MOVE = YES;
				CLANG_WARN_UNGUARDED_AVAILABILITY = YES_AGGRESSIVE;
				CLANG_WARN_UNREACHABLE_CODE = YES;
				CLANG_WARN__DUPLICATE_METHOD_MATCH = YES;
				CODE_SIGN_IDENTITY = "iPhone Developer";
				COPY_PHASE_STRIP = NO;
				DEBUG_INFORMATION_FORMAT = "dwarf-with-dsym";
				ENABLE_NS_ASSERTIONS = NO;
				ENABLE_STRICT_OBJC_MSGSEND = YES;
				GCC_C_LANGUAGE_STANDARD = gnu11;
				GCC_NO_COMMON_BLOCKS = YES;
				GCC_WARN_64_TO_32_BIT_CONVERSION = YES;
				GCC_WARN_ABOUT_RETURN_TYPE = YES_ERROR;
				GCC_WARN_UNDECLARED_SELECTOR = YES;
				GCC_WARN_UNINITIALIZED_AUTOS = YES_AGGRESSIVE;
				GCC_WARN_UNUSED_FUNCTION = YES;
				GCC_WARN_UNUSED_VARIABLE = YES;
				IPHONEOS_DEPLOYMENT_TARGET = 11.2;
				MTL_ENABLE_DEBUG_INFO = NO;
				SDKROOT = iphoneos;
				SWIFT_OPTIMIZATION_LEVEL = "-Owholemodule";
				VALIDATE_PRODUCT = YES;
			};
			name = Release;
		};
		0010C75E22483C5B0047DBCB /* Debug */ = {
			isa = XCBuildConfiguration;
			buildSettings = {
				ASSETCATALOG_COMPILER_APPICON_NAME = AppIcon;
				CODE_SIGN_STYLE = Automatic;
				INFOPLIST_FILE = "HW3-EdWoulfe/Info.plist";
				LD_RUNPATH_SEARCH_PATHS = "$(inherited) @executable_path/Frameworks";
				PRODUCT_BUNDLE_IDENTIFIER = "HW3.HW3-EdWoulfe";
				PRODUCT_NAME = "$(TARGET_NAME)";
				SWIFT_VERSION = 4.0;
				TARGETED_DEVICE_FAMILY = "1,2";
			};
			name = Debug;
		};
		0010C75F22483C5B0047DBCB /* Release */ = {
			isa = XCBuildConfiguration;
			buildSettings = {
				ASSETCATALOG_COMPILER_APPICON_NAME = AppIcon;
				CODE_SIGN_STYLE = Automatic;
				INFOPLIST_FILE = "HW3-EdWoulfe/Info.plist";
				LD_RUNPATH_SEARCH_PATHS = "$(inherited) @executable_path/Frameworks";
				PRODUCT_BUNDLE_IDENTIFIER = "HW3.HW3-EdWoulfe";
				PRODUCT_NAME = "$(TARGET_NAME)";
				SWIFT_VERSION = 4.0;
				TARGETED_DEVICE_FAMILY = "1,2";
			};
			name = Release;
		};
/* End XCBuildConfiguration section */

/* Begin XCConfigurationList section */
		0010C74622483C5A0047DBCB /* Build configuration list for PBXProject "HW3-EdWoulfe" */ = {
			isa = XCConfigurationList;
			buildConfigurations = (
				0010C75B22483C5B0047DBCB /* Debug */,
				0010C75C22483C5B0047DBCB /* Release */,
			);
			defaultConfigurationIsVisible = 0;
			defaultConfigurationName = Release;
		};
		0010C75D22483C5B0047DBCB /* Build configuration list for PBXNativeTarget "HW3-EdWoulfe" */ = {
			isa = XCConfigurationList;
			buildConfigurations = (
				0010C75E22483C5B0047DBCB /* Debug */,
				0010C75F22483C5B0047DBCB /* Release */,
			);
			defaultConfigurationIsVisible = 0;
			defaultConfigurationName = Release;
		};
/* End XCConfigurationList section */
	};
	rootObject = 0010C74322483C5A0047DBCB /* Project object */;
}
